// !$*UTF8*$!
{
	archiveVersion = 1;
	classes = {
	};
	objectVersion = 50;
	objects = {

/* Begin PBXBuildFile section */
		1883C0D1212A6D4900254C19 /* AppDelegate.swift in Sources */ = {isa = PBXBuildFile; fileRef = 1883C0D0212A6D4900254C19 /* AppDelegate.swift */; };
		1883C0D3212A6D4900254C19 /* ViewController.swift in Sources */ = {isa = PBXBuildFile; fileRef = 1883C0D2212A6D4900254C19 /* ViewController.swift */; };
		1883C0D6212A6D4900254C19 /* Main.storyboard in Resources */ = {isa = PBXBuildFile; fileRef = 1883C0D4212A6D4900254C19 /* Main.storyboard */; };
		1883C0D8212A6D4B00254C19 /* Assets.xcassets in Resources */ = {isa = PBXBuildFile; fileRef = 1883C0D7212A6D4B00254C19 /* Assets.xcassets */; };
		1883C0DB212A6D4B00254C19 /* LaunchScreen.storyboard in Resources */ = {isa = PBXBuildFile; fileRef = 1883C0D9212A6D4B00254C19 /* LaunchScreen.storyboard */; };
		1883C0E6212A6D4B00254C19 /* LoginTests.swift in Sources */ = {isa = PBXBuildFile; fileRef = 1883C0E5212A6D4B00254C19 /* LoginTests.swift */; };
		1883C0F1212A6D4B00254C19 /* LoginUITests.swift in Sources */ = {isa = PBXBuildFile; fileRef = 1883C0F0212A6D4B00254C19 /* LoginUITests.swift */; };
/* End PBXBuildFile section */

/* Begin PBXContainerItemProxy section */
		1883C0E2212A6D4B00254C19 /* PBXContainerItemProxy */ = {
			isa = PBXContainerItemProxy;
			containerPortal = 1883C0C5212A6D4800254C19 /* Project object */;
			proxyType = 1;
			remoteGlobalIDString = 1883C0CC212A6D4900254C19;
			remoteInfo = Login;
		};
		1883C0ED212A6D4B00254C19 /* PBXContainerItemProxy */ = {
			isa = PBXContainerItemProxy;
			containerPortal = 1883C0C5212A6D4800254C19 /* Project object */;
			proxyType = 1;
			remoteGlobalIDString = 1883C0CC212A6D4900254C19;
			remoteInfo = Login;
		};
/* End PBXContainerItemProxy section */

/* Begin PBXFileReference section */
		1883C0CD212A6D4900254C19 /* Login.app */ = {isa = PBXFileReference; explicitFileType = wrapper.application; includeInIndex = 0; path = Login.app; sourceTree = BUILT_PRODUCTS_DIR; };
		1883C0D0212A6D4900254C19 /* AppDelegate.swift */ = {isa = PBXFileReference; lastKnownFileType = sourcecode.swift; path = AppDelegate.swift; sourceTree = "<group>"; };
		1883C0D2212A6D4900254C19 /* ViewController.swift */ = {isa = PBXFileReference; lastKnownFileType = sourcecode.swift; path = ViewController.swift; sourceTree = "<group>"; };
		1883C0D5212A6D4900254C19 /* Base */ = {isa = PBXFileReference; lastKnownFileType = file.storyboard; name = Base; path = Base.lproj/Main.storyboard; sourceTree = "<group>"; };
		1883C0D7212A6D4B00254C19 /* Assets.xcassets */ = {isa = PBXFileReference; lastKnownFileType = folder.assetcatalog; path = Assets.xcassets; sourceTree = "<group>"; };
		1883C0DA212A6D4B00254C19 /* Base */ = {isa = PBXFileReference; lastKnownFileType = file.storyboard; name = Base; path = Base.lproj/LaunchScreen.storyboard; sourceTree = "<group>"; };
		1883C0DC212A6D4B00254C19 /* Info.plist */ = {isa = PBXFileReference; lastKnownFileType = text.plist.xml; path = Info.plist; sourceTree = "<group>"; };
		1883C0E1212A6D4B00254C19 /* LoginTests.xctest */ = {isa = PBXFileReference; explicitFileType = wrapper.cfbundle; includeInIndex = 0; path = LoginTests.xctest; sourceTree = BUILT_PRODUCTS_DIR; };
		1883C0E5212A6D4B00254C19 /* LoginTests.swift */ = {isa = PBXFileReference; lastKnownFileType = sourcecode.swift; path = LoginTests.swift; sourceTree = "<group>"; };
		1883C0E7212A6D4B00254C19 /* Info.plist */ = {isa = PBXFileReference; lastKnownFileType = text.plist.xml; path = Info.plist; sourceTree = "<group>"; };
		1883C0EC212A6D4B00254C19 /* LoginUITests.xctest */ = {isa = PBXFileReference; explicitFileType = wrapper.cfbundle; includeInIndex = 0; path = LoginUITests.xctest; sourceTree = BUILT_PRODUCTS_DIR; };
		1883C0F0212A6D4B00254C19 /* LoginUITests.swift */ = {isa = PBXFileReference; lastKnownFileType = sourcecode.swift; path = LoginUITests.swift; sourceTree = "<group>"; };
		1883C0F2212A6D4B00254C19 /* Info.plist */ = {isa = PBXFileReference; lastKnownFileType = text.plist.xml; path = Info.plist; sourceTree = "<group>"; };
/* End PBXFileReference section */

/* Begin PBXFrameworksBuildPhase section */
		1883C0CA212A6D4900254C19 /* Frameworks */ = {
			isa = PBXFrameworksBuildPhase;
			buildActionMask = 2147483647;
			files = (
			);
			runOnlyForDeploymentPostprocessing = 0;
		};
		1883C0DE212A6D4B00254C19 /* Frameworks */ = {
			isa = PBXFrameworksBuildPhase;
			buildActionMask = 2147483647;
			files = (
			);
			runOnlyForDeploymentPostprocessing = 0;
		};
		1883C0E9212A6D4B00254C19 /* Frameworks */ = {
			isa = PBXFrameworksBuildPhase;
			buildActionMask = 2147483647;
			files = (
			);
			runOnlyForDeploymentPostprocessing = 0;
		};
/* End PBXFrameworksBuildPhase section */

/* Begin PBXGroup section */
		1883C0C4212A6D4800254C19 = {
			isa = PBXGroup;
			children = (
				1883C0CF212A6D4900254C19 /* Login */,
				1883C0E4212A6D4B00254C19 /* LoginTests */,
				1883C0EF212A6D4B00254C19 /* LoginUITests */,
				1883C0CE212A6D4900254C19 /* Products */,
			);
			sourceTree = "<group>";
		};
		1883C0CE212A6D4900254C19 /* Products */ = {
			isa = PBXGroup;
			children = (
				1883C0CD212A6D4900254C19 /* Login.app */,
				1883C0E1212A6D4B00254C19 /* LoginTests.xctest */,
				1883C0EC212A6D4B00254C19 /* LoginUITests.xctest */,
			);
			name = Products;
			sourceTree = "<group>";
		};
		1883C0CF212A6D4900254C19 /* Login */ = {
			isa = PBXGroup;
			children = (
				1883C0D0212A6D4900254C19 /* AppDelegate.swift */,
				1883C0D2212A6D4900254C19 /* ViewController.swift */,
				1883C0D4212A6D4900254C19 /* Main.storyboard */,
				1883C0D7212A6D4B00254C19 /* Assets.xcassets */,
				1883C0D9212A6D4B00254C19 /* LaunchScreen.storyboard */,
				1883C0DC212A6D4B00254C19 /* Info.plist */,
			);
			path = Login;
			sourceTree = "<group>";
		};
		1883C0E4212A6D4B00254C19 /* LoginTests */ = {
			isa = PBXGroup;
			children = (
				1883C0E5212A6D4B00254C19 /* LoginTests.swift */,
				1883C0E7212A6D4B00254C19 /* Info.plist */,
			);
			path = LoginTests;
			sourceTree = "<group>";
		};
		1883C0EF212A6D4B00254C19 /* LoginUITests */ = {
			isa = PBXGroup;
			children = (
				1883C0F0212A6D4B00254C19 /* LoginUITests.swift */,
				1883C0F2212A6D4B00254C19 /* Info.plist */,
			);
			path = LoginUITests;
			sourceTree = "<group>";
		};
/* End PBXGroup section */

/* Begin PBXNativeTarget section */
		1883C0CC212A6D4900254C19 /* Login */ = {
			isa = PBXNativeTarget;
			buildConfigurationList = 1883C0F5212A6D4B00254C19 /* Build configuration list for PBXNativeTarget "Login" */;
			buildPhases = (
				1883C0C9212A6D4900254C19 /* Sources */,
				1883C0CA212A6D4900254C19 /* Frameworks */,
				1883C0CB212A6D4900254C19 /* Resources */,
			);
			buildRules = (
			);
			dependencies = (
			);
			name = Login;
			productName = Login;
			productReference = 1883C0CD212A6D4900254C19 /* Login.app */;
			productType = "com.apple.product-type.application";
		};
		1883C0E0212A6D4B00254C19 /* LoginTests */ = {
			isa = PBXNativeTarget;
			buildConfigurationList = 1883C0F8212A6D4B00254C19 /* Build configuration list for PBXNativeTarget "LoginTests" */;
			buildPhases = (
				1883C0DD212A6D4B00254C19 /* Sources */,
				1883C0DE212A6D4B00254C19 /* Frameworks */,
				1883C0DF212A6D4B00254C19 /* Resources */,
			);
			buildRules = (
			);
			dependencies = (
				1883C0E3212A6D4B00254C19 /* PBXTargetDependency */,
			);
			name = LoginTests;
			productName = LoginTests;
			productReference = 1883C0E1212A6D4B00254C19 /* LoginTests.xctest */;
			productType = "com.apple.product-type.bundle.unit-test";
		};
		1883C0EB212A6D4B00254C19 /* LoginUITests */ = {
			isa = PBXNativeTarget;
			buildConfigurationList = 1883C0FB212A6D4B00254C19 /* Build configuration list for PBXNativeTarget "LoginUITests" */;
			buildPhases = (
				1883C0E8212A6D4B00254C19 /* Sources */,
				1883C0E9212A6D4B00254C19 /* Frameworks */,
				1883C0EA212A6D4B00254C19 /* Resources */,
			);
			buildRules = (
			);
			dependencies = (
				1883C0EE212A6D4B00254C19 /* PBXTargetDependency */,
			);
			name = LoginUITests;
			productName = LoginUITests;
			productReference = 1883C0EC212A6D4B00254C19 /* LoginUITests.xctest */;
			productType = "com.apple.product-type.bundle.ui-testing";
		};
/* End PBXNativeTarget section */

/* Begin PBXProject section */
		1883C0C5212A6D4800254C19 /* Project object */ = {
			isa = PBXProject;
			attributes = {
				LastSwiftUpdateCheck = 0940;
				LastUpgradeCheck = 0940;
				ORGANIZATIONNAME = Apple;
				TargetAttributes = {
					1883C0CC212A6D4900254C19 = {
						CreatedOnToolsVersion = 9.4.1;
					};
					1883C0E0212A6D4B00254C19 = {
						CreatedOnToolsVersion = 9.4.1;
						TestTargetID = 1883C0CC212A6D4900254C19;
					};
					1883C0EB212A6D4B00254C19 = {
						CreatedOnToolsVersion = 9.4.1;
						TestTargetID = 1883C0CC212A6D4900254C19;
					};
				};
			};
			buildConfigurationList = 1883C0C8212A6D4800254C19 /* Build configuration list for PBXProject "Login" */;
			compatibilityVersion = "Xcode 9.3";
			developmentRegion = en;
			hasScannedForEncodings = 0;
			knownRegions = (
				en,
				Base,
			);
			mainGroup = 1883C0C4212A6D4800254C19;
			productRefGroup = 1883C0CE212A6D4900254C19 /* Products */;
			projectDirPath = "";
			projectRoot = "";
			targets = (
				1883C0CC212A6D4900254C19 /* Login */,
				1883C0E0212A6D4B00254C19 /* LoginTests */,
				1883C0EB212A6D4B00254C19 /* LoginUITests */,
			);
		};
/* End PBXProject section */

/* Begin PBXResourcesBuildPhase section */
		1883C0CB212A6D4900254C19 /* Resources */ = {
			isa = PBXResourcesBuildPhase;
			buildActionMask = 2147483647;
			files = (
				1883C0DB212A6D4B00254C19 /* LaunchScreen.storyboard in Resources */,
				1883C0D8212A6D4B00254C19 /* Assets.xcassets in Resources */,
				1883C0D6212A6D4900254C19 /* Main.storyboard in Resources */,
			);
			runOnlyForDeploymentPostprocessing = 0;
		};
		1883C0DF212A6D4B00254C19 /* Resources */ = {
			isa = PBXResourcesBuildPhase;
			buildActionMask = 2147483647;
			files = (
			);
			runOnlyForDeploymentPostprocessing = 0;
		};
		1883C0EA212A6D4B00254C19 /* Resources */ = {
			isa = PBXResourcesBuildPhase;
			buildActionMask = 2147483647;
			files = (
			);
			runOnlyForDeploymentPostprocessing = 0;
		};
/* End PBXResourcesBuildPhase section */

/* Begin PBXSourcesBuildPhase section */
		1883C0C9212A6D4900254C19 /* Sources */ = {
			isa = PBXSourcesBuildPhase;
			buildActionMask = 2147483647;
			files = (
				1883C0D3212A6D4900254C19 /* ViewController.swift in Sources */,
				1883C0D1212A6D4900254C19 /* AppDelegate.swift in Sources */,
			);
			runOnlyForDeploymentPostprocessing = 0;
		};
		1883C0DD212A6D4B00254C19 /* Sources */ = {
			isa = PBXSourcesBuildPhase;
			buildActionMask = 2147483647;
			files = (
				1883C0E6212A6D4B00254C19 /* LoginTests.swift in Sources */,
			);
			runOnlyForDeploymentPostprocessing = 0;
		};
		1883C0E8212A6D4B00254C19 /* Sources */ = {
			isa = PBXSourcesBuildPhase;
			buildActionMask = 2147483647;
			files = (
				1883C0F1212A6D4B00254C19 /* LoginUITests.swift in Sources */,
			);
			runOnlyForDeploymentPostprocessing = 0;
		};
/* End PBXSourcesBuildPhase section */

/* Begin PBXTargetDependency section */
		1883C0E3212A6D4B00254C19 /* PBXTargetDependency */ = {
			isa = PBXTargetDependency;
			target = 1883C0CC212A6D4900254C19 /* Login */;
			targetProxy = 1883C0E2212A6D4B00254C19 /* PBXContainerItemProxy */;
		};
		1883C0EE212A6D4B00254C19 /* PBXTargetDependency */ = {
			isa = PBXTargetDependency;
			target = 1883C0CC212A6D4900254C19 /* Login */;
			targetProxy = 1883C0ED212A6D4B00254C19 /* PBXContainerItemProxy */;
		};
/* End PBXTargetDependency section */

/* Begin PBXVariantGroup section */
		1883C0D4212A6D4900254C19 /* Main.storyboard */ = {
			isa = PBXVariantGroup;
			children = (
				1883C0D5212A6D4900254C19 /* Base */,
			);
			name = Main.storyboard;
			sourceTree = "<group>";
		};
		1883C0D9212A6D4B00254C19 /* LaunchScreen.storyboard */ = {
			isa = PBXVariantGroup;
			children = (
				1883C0DA212A6D4B00254C19 /* Base */,
			);
			name = LaunchScreen.storyboard;
			sourceTree = "<group>";
		};
/* End PBXVariantGroup section */

/* Begin XCBuildConfiguration section */
		1883C0F3212A6D4B00254C19 /* Debug */ = {
			isa = XCBuildConfiguration;
			buildSettings = {
				ALWAYS_SEARCH_USER_PATHS = NO;
				CLANG_ANALYZER_NONNULL = YES;
				CLANG_ANALYZER_NUMBER_OBJECT_CONVERSION = YES_AGGRESSIVE;
				CLANG_CXX_LANGUAGE_STANDARD = "gnu++14";
				CLANG_CXX_LIBRARY = "libc++";
				CLANG_ENABLE_MODULES = YES;
				CLANG_ENABLE_OBJC_ARC = YES;
				CLANG_ENABLE_OBJC_WEAK = YES;
				CLANG_WARN_BLOCK_CAPTURE_AUTORELEASING = YES;
				CLANG_WARN_BOOL_CONVERSION = YES;
				CLANG_WARN_COMMA = YES;
				CLANG_WARN_CONSTANT_CONVERSION = YES;
				CLANG_WARN_DEPRECATED_OBJC_IMPLEMENTATIONS = YES;
				CLANG_WARN_DIRECT_OBJC_ISA_USAGE = YES_ERROR;
				CLANG_WARN_DOCUMENTATION_COMMENTS = YES;
				CLANG_WARN_EMPTY_BODY = YES;
				CLANG_WARN_ENUM_CONVERSION = YES;
				CLANG_WARN_INFINITE_RECURSION = YES;
				CLANG_WARN_INT_CONVERSION = YES;
				CLANG_WARN_NON_LITERAL_NULL_CONVERSION = YES;
				CLANG_WARN_OBJC_IMPLICIT_RETAIN_SELF = YES;
				CLANG_WARN_OBJC_LITERAL_CONVERSION = YES;
				CLANG_WARN_OBJC_ROOT_CLASS = YES_ERROR;
				CLANG_WARN_RANGE_LOOP_ANALYSIS = YES;
				CLANG_WARN_STRICT_PROTOTYPES = YES;
				CLANG_WARN_SUSPICIOUS_MOVE = YES;
				CLANG_WARN_UNGUARDED_AVAILABILITY = YES_AGGRESSIVE;
				CLANG_WARN_UNREACHABLE_CODE = YES;
				CLANG_WARN__DUPLICATE_METHOD_MATCH = YES;
				CODE_SIGN_IDENTITY = "iPhone Developer";
				COPY_PHASE_STRIP = NO;
				DEBUG_INFORMATION_FORMAT = dwarf;
				ENABLE_STRICT_OBJC_MSGSEND = YES;
				ENABLE_TESTABILITY = YES;
				GCC_C_LANGUAGE_STANDARD = gnu11;
				GCC_DYNAMIC_NO_PIC = NO;
				GCC_NO_COMMON_BLOCKS = YES;
				GCC_OPTIMIZATION_LEVEL = 0;
				GCC_PREPROCESSOR_DEFINITIONS = (
					"DEBUG=1",
					"$(inherited)",
				);
				GCC_WARN_64_TO_32_BIT_CONVERSION = YES;
				GCC_WARN_ABOUT_RETURN_TYPE = YES_ERROR;
				GCC_WARN_UNDECLARED_SELECTOR = YES;
				GCC_WARN_UNINITIALIZED_AUTOS = YES_AGGRESSIVE;
				GCC_WARN_UNUSED_FUNCTION = YES;
				GCC_WARN_UNUSED_VARIABLE = YES;
				IPHONEOS_DEPLOYMENT_TARGET = 11.4;
				MTL_ENABLE_DEBUG_INFO = YES;
				ONLY_ACTIVE_ARCH = YES;
				SDKROOT = iphoneos;
				SWIFT_ACTIVE_COMPILATION_CONDITIONS = DEBUG;
				SWIFT_OPTIMIZATION_LEVEL = "-Onone";
			};
			name = Debug;
		};
		1883C0F4212A6D4B00254C19 /* Release */ = {
			isa = XCBuildConfiguration;
			buildSettings = {
				ALWAYS_SEARCH_USER_PATHS = NO;
				CLANG_ANALYZER_NONNULL = YES;
				CLANG_ANALYZER_NUMBER_OBJECT_CONVERSION = YES_AGGRESSIVE;
				CLANG_CXX_LANGUAGE_STANDARD = "gnu++14";
				CLANG_CXX_LIBRARY = "libc++";
				CLANG_ENABLE_MODULES = YES;
				CLANG_ENABLE_OBJC_ARC = YES;
				CLANG_ENABLE_OBJC_WEAK = YES;
				CLANG_WARN_BLOCK_CAPTURE_AUTORELEASING = YES;
				CLANG_WARN_BOOL_CONVERSION = YES;
				CLANG_WARN_COMMA = YES;
				CLANG_WARN_CONSTANT_CONVERSION = YES;
				CLANG_WARN_DEPRECATED_OBJC_IMPLEMENTATIONS = YES;
				CLANG_WARN_DIRECT_OBJC_ISA_USAGE = YES_ERROR;
				CLANG_WARN_DOCUMENTATION_COMMENTS = YES;
				CLANG_WARN_EMPTY_BODY = YES;
				CLANG_WARN_ENUM_CONVERSION = YES;
				CLANG_WARN_INFINITE_RECURSION = YES;
				CLANG_WARN_INT_CONVERSION = YES;
				CLANG_WARN_NON_LITERAL_NULL_CONVERSION = YES;
				CLANG_WARN_OBJC_IMPLICIT_RETAIN_SELF = YES;
				CLANG_WARN_OBJC_LITERAL_CONVERSION = YES;
				CLANG_WARN_OBJC_ROOT_CLASS = YES_ERROR;
				CLANG_WARN_RANGE_LOOP_ANALYSIS = YES;
				CLANG_WARN_STRICT_PROTOTYPES = YES;
				CLANG_WARN_SUSPICIOUS_MOVE = YES;
				CLANG_WARN_UNGUARDED_AVAILABILITY = YES_AGGRESSIVE;
				CLANG_WARN_UNREACHABLE_CODE = YES;
				CLANG_WARN__DUPLICATE_METHOD_MATCH = YES;
				CODE_SIGN_IDENTITY = "iPhone Developer";
				COPY_PHASE_STRIP = NO;
				DEBUG_INFORMATION_FORMAT = "dwarf-with-dsym";
				ENABLE_NS_ASSERTIONS = NO;
				ENABLE_STRICT_OBJC_MSGSEND = YES;
				GCC_C_LANGUAGE_STANDARD = gnu11;
				GCC_NO_COMMON_BLOCKS = YES;
				GCC_WARN_64_TO_32_BIT_CONVERSION = YES;
				GCC_WARN_ABOUT_RETURN_TYPE = YES_ERROR;
				GCC_WARN_UNDECLARED_SELECTOR = YES;
				GCC_WARN_UNINITIALIZED_AUTOS = YES_AGGRESSIVE;
				GCC_WARN_UNUSED_FUNCTION = YES;
				GCC_WARN_UNUSED_VARIABLE = YES;
				IPHONEOS_DEPLOYMENT_TARGET = 11.4;
				MTL_ENABLE_DEBUG_INFO = NO;
				SDKROOT = iphoneos;
				SWIFT_COMPILATION_MODE = wholemodule;
				SWIFT_OPTIMIZATION_LEVEL = "-O";
				VALIDATE_PRODUCT = YES;
			};
			name = Release;
		};
		1883C0F6212A6D4B00254C19 /* Debug */ = {
			isa = XCBuildConfiguration;
			buildSettings = {
				ASSETCATALOG_COMPILER_APPICON_NAME = AppIcon;
				CODE_SIGN_STYLE = Automatic;
				INFOPLIST_FILE = Login/Info.plist;
				LD_RUNPATH_SEARCH_PATHS = (
					"$(inherited)",
					"@executable_path/Frameworks",
				);
				PRODUCT_BUNDLE_IDENTIFIER = DucAnh.Login;
				PRODUCT_NAME = "$(TARGET_NAME)";
				SWIFT_VERSION = 4.0;
				TARGETED_DEVICE_FAMILY = "1,2";
			};
			name = Debug;
		};
		1883C0F7212A6D4B00254C19 /* Release */ = {
			isa = XCBuildConfiguration;
			buildSettings = {
				ASSETCATALOG_COMPILER_APPICON_NAME = AppIcon;
				CODE_SIGN_STYLE = Automatic;
				INFOPLIST_FILE = Login/Info.plist;
				LD_RUNPATH_SEARCH_PATHS = (
					"$(inherited)",
					"@executable_path/Frameworks",
				);
				PRODUCT_BUNDLE_IDENTIFIER = DucAnh.Login;
				PRODUCT_NAME = "$(TARGET_NAME)";
				SWIFT_VERSION = 4.0;
				TARGETED_DEVICE_FAMILY = "1,2";
			};
			name = Release;
		};
		1883C0F9212A6D4B00254C19 /* Debug */ = {
			isa = XCBuildConfiguration;
			buildSettings = {
				ALWAYS_EMBED_SWIFT_STANDARD_LIBRARIES = YES;
				BUNDLE_LOADER = "$(TEST_HOST)";
				CODE_SIGN_STYLE = Automatic;
				INFOPLIST_FILE = LoginTests/Info.plist;
				LD_RUNPATH_SEARCH_PATHS = (
					"$(inherited)",
					"@executable_path/Frameworks",
					"@loader_path/Frameworks",
				);
				PRODUCT_BUNDLE_IDENTIFIER = DucAnh.LoginTests;
				PRODUCT_NAME = "$(TARGET_NAME)";
				SWIFT_VERSION = 4.0;
				TARGETED_DEVICE_FAMILY = "1,2";
				TEST_HOST = "$(BUILT_PRODUCTS_DIR)/Login.app/Login";
			};
			name = Debug;
		};
		1883C0FA212A6D4B00254C19 /* Release */ = {
			isa = XCBuildConfiguration;
			buildSettings = {
				ALWAYS_EMBED_SWIFT_STANDARD_LIBRARIES = YES;
				BUNDLE_LOADER = "$(TEST_HOST)";
				CODE_SIGN_STYLE = Automatic;
				INFOPLIST_FILE = LoginTests/Info.plist;
				LD_RUNPATH_SEARCH_PATHS = (
					"$(inherited)",
					"@executable_path/Frameworks",
					"@loader_path/Frameworks",
				);
				PRODUCT_BUNDLE_IDENTIFIER = DucAnh.LoginTests;
				PRODUCT_NAME = "$(TARGET_NAME)";
				SWIFT_VERSION = 4.0;
				TARGETED_DEVICE_FAMILY = "1,2";
				TEST_HOST = "$(BUILT_PRODUCTS_DIR)/Login.app/Login";
			};
			name = Release;
		};
		1883C0FC212A6D4B00254C19 /* Debug */ = {
			isa = XCBuildConfiguration;
			buildSettings = {
				ALWAYS_EMBED_SWIFT_STANDARD_LIBRARIES = YES;
				CODE_SIGN_STYLE = Automatic;
				INFOPLIST_FILE = LoginUITests/Info.plist;
				LD_RUNPATH_SEARCH_PATHS = (
					"$(inherited)",
					"@executable_path/Frameworks",
					"@loader_path/Frameworks",
				);
				PRODUCT_BUNDLE_IDENTIFIER = DucAnh.LoginUITests;
				PRODUCT_NAME = "$(TARGET_NAME)";
				SWIFT_VERSION = 4.0;
				TARGETED_DEVICE_FAMILY = "1,2";
				TEST_TARGET_NAME = Login;
			};
			name = Debug;
		};
		1883C0FD212A6D4B00254C19 /* Release */ = {
			isa = XCBuildConfiguration;
			buildSettings = {
				ALWAYS_EMBED_SWIFT_STANDARD_LIBRARIES = YES;
				CODE_SIGN_STYLE = Automatic;
				INFOPLIST_FILE = LoginUITests/Info.plist;
				LD_RUNPATH_SEARCH_PATHS = (
					"$(inherited)",
					"@executable_path/Frameworks",
					"@loader_path/Frameworks",
				);
				PRODUCT_BUNDLE_IDENTIFIER = DucAnh.LoginUITests;
				PRODUCT_NAME = "$(TARGET_NAME)";
				SWIFT_VERSION = 4.0;
				TARGETED_DEVICE_FAMILY = "1,2";
				TEST_TARGET_NAME = Login;
			};
			name = Release;
		};
/* End XCBuildConfiguration section */

/* Begin XCConfigurationList section */
		1883C0C8212A6D4800254C19 /* Build configuration list for PBXProject "Login" */ = {
			isa = XCConfigurationList;
			buildConfigurations = (
				1883C0F3212A6D4B00254C19 /* Debug */,
				1883C0F4212A6D4B00254C19 /* Release */,
			);
			defaultConfigurationIsVisible = 0;
			defaultConfigurationName = Release;
		};
		1883C0F5212A6D4B00254C19 /* Build configuration list for PBXNativeTarget "Login" */ = {
			isa = XCConfigurationList;
			buildConfigurations = (
				1883C0F6212A6D4B00254C19 /* Debug */,
				1883C0F7212A6D4B00254C19 /* Release */,
			);
			defaultConfigurationIsVisible = 0;
			defaultConfigurationName = Release;
		};
		1883C0F8212A6D4B00254C19 /* Build configuration list for PBXNativeTarget "LoginTests" */ = {
			isa = XCConfigurationList;
			buildConfigurations = (
				1883C0F9212A6D4B00254C19 /* Debug */,
				1883C0FA212A6D4B00254C19 /* Release */,
			);
			defaultConfigurationIsVisible = 0;
			defaultConfigurationName = Release;
		};
		1883C0FB212A6D4B00254C19 /* Build configuration list for PBXNativeTarget "LoginUITests" */ = {
			isa = XCConfigurationList;
			buildConfigurations = (
				1883C0FC212A6D4B00254C19 /* Debug */,
				1883C0FD212A6D4B00254C19 /* Release */,
			);
			defaultConfigurationIsVisible = 0;
			defaultConfigurationName = Release;
		};
/* End XCConfigurationList section */
	};
	rootObject = 1883C0C5212A6D4800254C19 /* Project object */;
}
